
Microsoft Visual Studio Solution File, Format Version 12.00
# Visual Studio Version 17
VisualStudioVersion = 17.3.32819.101
MinimumVisualStudioVersion = 10.0.40219.1
Project("{9A19103F-16F7-4668-BE54-9A1E7A4F7556}") = "LoginAndRegisterMVC", "LoginAndRegisterMVC\LoginAndRegisterMVC.csproj", "{F4561542-AF49-44D3-B153-F76DDF5454D0}"
EndProject
Global
	GlobalSection(SolutionConfigurationPlatforms) = preSolution
		Debug|Any CPU = Debug|Any CPU
		Release|Any CPU = Release|Any CPU
	EndGlobalSection
	GlobalSection(ProjectConfigurationPlatforms) = postSolution
		{F4561542-AF49-44D3-B153-F76DDF5454D0}.Debug|Any CPU.ActiveCfg = Debug|Any CPU
		{F4561542-AF49-44D3-B153-F76DDF5454D0}.Debug|Any CPU.Build.0 = Debug|Any CPU
		{F4561542-AF49-44D3-B153-F76DDF5454D0}.Release|Any CPU.ActiveCfg = Release|Any CPU
		{F4561542-AF49-44D3-B153-F76DDF5454D0}.Release|Any CPU.Build.0 = Release|Any CPU
	EndGlobalSection
	GlobalSection(SolutionProperties) = preSolution
		HideSolutionNode = FALSE
	EndGlobalSection
	GlobalSection(ExtensibilityGlobals) = postSolution
		SolutionGuid = {88D4CE1C-E72E-4A3C-B47F-F82CB3419BE1}
	EndGlobalSection
EndGlobal
